
Microsoft Visual Studio Solution File, Format Version 12.00
# Visual Studio Version 16
VisualStudioVersion = 16.0.31702.278
MinimumVisualStudioVersion = 10.0.40219.1
Project("{FAE04EC0-301F-11D3-BF4B-00C04F79EFBC}") = "MandatoryOneLibrary", "MandatoryOneLibrary\MandatoryOneLibrary.csproj", "{E5CB55C6-3055-4F78-9D7C-9F9E4FC2FA58}"
EndProject
Global
	GlobalSection(SolutionConfigurationPlatforms) = preSolution
		Debug|Any CPU = Debug|Any CPU
		Release|Any CPU = Release|Any CPU
	EndGlobalSection
	GlobalSection(ProjectConfigurationPlatforms) = postSolution
		{E5CB55C6-3055-4F78-9D7C-9F9E4FC2FA58}.Debug|Any CPU.ActiveCfg = Debug|Any CPU
		{E5CB55C6-3055-4F78-9D7C-9F9E4FC2FA58}.Debug|Any CPU.Build.0 = Debug|Any CPU
		{E5CB55C6-3055-4F78-9D7C-9F9E4FC2FA58}.Release|Any CPU.ActiveCfg = Release|Any CPU
		{E5CB55C6-3055-4F78-9D7C-9F9E4FC2FA58}.Release|Any CPU.Build.0 = Release|Any CPU
	EndGlobalSection
	GlobalSection(SolutionProperties) = preSolution
		HideSolutionNode = FALSE
	EndGlobalSection
	GlobalSection(ExtensibilityGlobals) = postSolution
		SolutionGuid = {260378BC-9745-4F29-A038-903348916F2D}
	EndGlobalSection
EndGlobal
